{
  "name": "ziya-bot",
  "version": "1.0.0",
  "lockfileVersion": 3,
  "requires": true,
  "packages": {
    "": {
      "name": "ziya-bot",
      "version": "1.0.0",
      "license": "ISC",
      "dependencies": {
        "baileys": "^7.0.0-rc.3",
        "pino": "^8.0.0",
        "qrcode-terminal": "^0.12.0",
        "p-queue": "^7.0.0",
        "lru-cache": "^10.0.0",
        "lowdb": "^5.0.0",
        "express": "^4.18.2",
        "google-tts-api": "^2.0.0",
        "node-fetch": "^3.3.2",
        "pino-pretty": "^10.0.0",
        "node-worker-threads-pool": "^1.0.0"
      }
    }
  },
  "dependencies": {
}
"baileys": {
      "version": "7.0.0-rc.3",
      "resolved": "https://registry.npmjs.org/baileys/-/baileys-7.0.0-rc.3.tgz",
      "integrity": "sha512-xxxxxxxxxxxxxxxxxxxxxxxxxxxxxxxxxxxxxxxxxxxx",
      "requires": {
        "node-fetch": "^3.3.2",
        "pino": "^8.0.0",
        "qrcode-terminal": "^0.12.0"
      }
    },
    "pino": {
      "version": "8.0.0",
      "resolved": "https://registry.npmjs.org/pino/-/pino-8.0.0.tgz",
      "integrity": "sha512-xxxxxxxxxxxxxxxxxxxxxxxxxxxxxxxxxxxxxxxxxxxx",
      "requires": {
        "pino-pretty": "^10.0.0"
      }
    },
    "express": {
      "version": "4.18.2",
      "resolved": "https://registry.npmjs.org/express/-/express-4.18.2.tgz",
      "integrity": "sha512-xxxxxxxxxxxxxxxxxxxxxxxxxxxxxxxxxxxxxxxxxxxx",
      "requires": {
        "body-parser": "1.20.1",
        "cookie": "0.5.0",
        "debug": "2.6.9"
      }
    },
  "qrcode-terminal": {
      "version": "0.12.0",
      "resolved": "https://registry.npmjs.org/qrcode-terminal/-/qrcode-terminal-0.12.0.tgz",
      "integrity": "sha512-xxxxxxxxxxxxxxxxxxxxxxxxxxxxxxxxxxxxxxxxxxxx"
    },
    "p-queue": {
      "version": "7.0.0",
      "resolved": "https://registry.npmjs.org/p-queue/-/p-queue-7.0.0.tgz",
      "integrity": "sha512-xxxxxxxxxxxxxxxxxxxxxxxxxxxxxxxxxxxxxxxxxxxx"
    },
    "lru-cache": {
      "version": "10.0.0",
      "resolved": "https://registry.npmjs.org/lru-cache/-/lru-cache-10.0.0.tgz",
      "integrity": "sha512-xxxxxxxxxxxxxxxxxxxxxxxxxxxxxxxxxxxxxxxxxxxx"
    },
    "lowdb": {
      "version": "5.0.0",
      "resolved": "https://registry.npmjs.org/lowdb/-/lowdb-5.0.0.tgz",
      "integrity": "sha512-xxxxxxxxxxxxxxxxxxxxxxxxxxxxxxxxxxxxxxxxxxxx"
    },
    "google-tts-api": {
      "version": "2.0.0",
      "resolved": "https://registry.npmjs.org/google-tts-api/-/google-tts-api-2.0.0.tgz",
      "integrity": "sha512-xxxxxxxxxxxxxxxxxxxxxxxxxxxxxxxxxxxxxxxxxxxx"
    },
    "node-fetch": {
      "version": "3.3.2",
      "resolved": "https://registry.npmjs.org/node-fetch/-/node-fetch-3.3.2.tgz",
      "integrity": "sha512-xxxxxxxxxxxxxxxxxxxxxxxxxxxxxxxxxxxxxxxxxxxx"
    },
    "pino-pretty": {
      "version": "10.0.0",
      "resolved": "https://registry.npmjs.org/pino-pretty/-/pino-pretty-10.0.0.tgz",
      "integrity": "sha512-xxxxxxxxxxxxxxxxxxxxxxxxxxxxxxxxxxxxxxxxxxxx"
    },
    "node-worker-threads-pool": {
      "version": "1.0.0",
      "resolved": "https://registry.npmjs.org/node-worker-threads-pool/-/node-worker-threads-pool-1.0.0.tgz",
      "integrity": "sha512-xxxxxxxxxxxxxxxxxxxxxxxxxxxxxxxxxxxxxxxxxxxx"
    }
  }
